# @generated - this file is auto-generated by `mise lock` https://mise.jdx.dev/dev-tools/mise-lock.html

[[tools."github:cameroncooke/AXe"]]
version = "1.8.0"
backend = "github:cameroncooke/AXe"

[tools."github:cameroncooke/AXe".options]
matching = "AXe-macOS-v1.8.0-universal.tar.gz"

[tools."github:cameroncooke/AXe"."platforms.macos-arm64"]
checksum = "sha256:7b76340b72e90d0f211bc7c4636f15009076eff07acef2f2b632b175debd8834"
url = "https://github.com/cameroncooke/AXe/releases/download/v1.8.0/AXe-macOS-v1.8.0-universal.tar.gz"
url_api = "https://api.github.com/repos/cameroncooke/AXe/releases/assets/483428549"

[[tools."npm:jscpd"]]
version = "4.0.9"
backend = "npm:jscpd"

[[tools.periphery]]
version = "3.7.4"
backend = "aqua:peripheryapp/periphery"

[tools.periphery."platforms.macos-arm64"]
checksum = "sha256:f8283239a82c638a4d5cfb91c42519980462b7853299562f663eb33ce54c8dc6"
url = "https://github.com/peripheryapp/periphery/releases/download/3.7.4/periphery-3.7.4.zip"
url_api = "https://api.github.com/repos/peripheryapp/periphery/releases/assets/405808464"

[[tools.python]]
version = "3.14.6"
backend = "core:python"

[tools.python."platforms.macos-arm64"]
checksum = "sha256:5e8e0746cb0108d138f510cfbb28c4b031b9ed63bbbe3e43a34c77d4663c4fa1"
url = "https://github.com/astral-sh/python-build-standalone/releases/download/20260718/cpython-3.14.6+20260718-aarch64-apple-darwin-install_only_stripped.tar.gz"
provenance = "github-attestations"

[[tools.ripgrep]]
version = "15.2.0"
backend = "aqua:BurntSushi/ripgrep"

[tools.ripgrep."platforms.macos-arm64"]
checksum = "sha256:3750b2e93f37e0c692657da574d7019a101c0084da05a790c83fd335bad973e4"
url = "https://github.com/BurntSushi/ripgrep/releases/download/15.2.0/ripgrep-15.2.0-aarch64-apple-darwin.tar.gz"
url_api = "https://api.github.com/repos/BurntSushi/ripgrep/releases/assets/478118851"

[[tools.rust]]
version = "1.95.0"
backend = "core:rust"

[tools.rust.options]
components = "clippy,rustfmt"
profile = "minimal"
targets = "aarch64-apple-ios,aarch64-apple-ios-sim"

[[tools.shellcheck]]
version = "0.11.0"
backend = "aqua:koalaman/shellcheck"

[tools.shellcheck."platforms.macos-arm64"]
checksum = "sha256:56affdd8de5527894dca6dc3d7e0a99a873b0f004d7aabc30ae407d3f48b0a79"
url = "https://github.com/koalaman/shellcheck/releases/download/v0.11.0/shellcheck-v0.11.0.darwin.aarch64.tar.xz"
url_api = "https://api.github.com/repos/koalaman/shellcheck/releases/assets/279056932"

[[tools.swiftformat]]
version = "0.62.1"
backend = "github:nicklockwood/SwiftFormat"

[tools.swiftformat.options]
no_app = "true"

[tools.swiftformat."platforms.macos-arm64"]
checksum = "sha256:7cb1cb1fae04932047c7015441c543848e8e60e1572d808d080e0a1f1661114a"
url = "https://github.com/nicklockwood/SwiftFormat/releases/download/0.62.1/swiftformat.zip"
url_api = "https://api.github.com/repos/nicklockwood/SwiftFormat/releases/assets/469280411"

[[tools.swiftlint]]
version = "0.63.2"
backend = "aqua:realm/SwiftLint"

[tools.swiftlint."platforms.macos-arm64"]
checksum = "sha256:c59a405c85f95b92ced677a500804e081596a4cae4a6a485af76065557d6ed29"
url = "https://github.com/realm/SwiftLint/releases/download/0.63.2/portable_swiftlint.zip"
url_api = "https://api.github.com/repos/realm/SwiftLint/releases/assets/346234917"

[[tools.uv]]
version = "0.11.7"
backend = "aqua:astral-sh/uv"

[tools.uv."platforms.macos-arm64"]
checksum = "sha256:66e37d91f839e12481d7b932a1eccbfe732560f42c1cfb89faddfa2454534ba8"
url = "https://github.com/astral-sh/uv/releases/download/0.11.7/uv-aarch64-apple-darwin.tar.gz"
url_api = "https://api.github.com/repos/astral-sh/uv/releases/assets/397306011"
provenance = "github-attestations"

[[tools.xcodegen]]
version = "2.45.4"
backend = "aqua:yonaskolb/XcodeGen"

[tools.xcodegen."platforms.macos-arm64"]
checksum = "sha256:090ec29491aad50aec10631bf6e62253fed733c50f3aab0f5ffc86bc170bdbef"
url = "https://github.com/yonaskolb/XcodeGen/releases/download/2.45.4/xcodegen.zip"
url_api = "https://api.github.com/repos/yonaskolb/XcodeGen/releases/assets/396214908"

[[tools.yq]]
version = "4.53.2"
backend = "aqua:mikefarah/yq"

[tools.yq."platforms.macos-arm64"]
checksum = "sha256:541ba2287560df70f561955e2d7f7e1cd00cf2a15a884f6b5c87a4bfa887bc07"
url = "https://github.com/mikefarah/yq/releases/download/v4.53.2/yq_darwin_arm64"
url_api = "https://api.github.com/repos/mikefarah/yq/releases/assets/398368449"
provenance = "cosign"
